
Microsoft Visual Studio Solution File, Format Version 12.00
# Visual Studio Version 16
VisualStudioVersion = 16.0.28803.202
MinimumVisualStudioVersion = 10.0.40219.1
Project("{FAE04EC0-301F-11D3-BF4B-00C04F79EFBC}") = "WebApplication30", "WebApplication30\WebApplication30.csproj", "{7206242B-CE80-4672-A9AF-217D5AA45A5B}"
EndProject
Global
	GlobalSection(SolutionConfigurationPlatforms) = preSolution
		Debug|Any CPU = Debug|Any CPU
		Release|Any CPU = Release|Any CPU
	EndGlobalSection
	GlobalSection(ProjectConfigurationPlatforms) = postSolution
		{7206242B-CE80-4672-A9AF-217D5AA45A5B}.Debug|Any CPU.ActiveCfg = Debug|Any CPU
		{7206242B-CE80-4672-A9AF-217D5AA45A5B}.Debug|Any CPU.Build.0 = Debug|Any CPU
		{7206242B-CE80-4672-A9AF-217D5AA45A5B}.Release|Any CPU.ActiveCfg = Release|Any CPU
		{7206242B-CE80-4672-A9AF-217D5AA45A5B}.Release|Any CPU.Build.0 = Release|Any CPU
	EndGlobalSection
	GlobalSection(SolutionProperties) = preSolution
		HideSolutionNode = FALSE
	EndGlobalSection
	GlobalSection(ExtensibilityGlobals) = postSolution
		SolutionGuid = {F89BDF1D-3D67-4033-9EA5-B6B842337684}
	EndGlobalSection
EndGlobal
